
Microsoft Visual Studio Solution File, Format Version 12.00
# Visual Studio 2012
Project("{8BC9CEB8-8B4A-11D0-8D11-00A0C91BC942}") = "gtest", "gtest\gtest.vcxproj", "{7353C119-A607-41BD-BBD3-881945B3928B}"
EndProject
Project("{8BC9CEB8-8B4A-11D0-8D11-00A0C91BC942}") = "statdata", "statdata\statdata.vcxproj", "{7754E3B9-0424-4A71-92C3-F3D726030D37}"
EndProject
Project("{8BC9CEB8-8B4A-11D0-8D11-00A0C91BC942}") = "dbsqlite", "dbsqlite\dbsqlite.vcxproj", "{7F4088A2-2818-43DE-9079-353BE99A3D27}"
EndProject
Project("{8BC9CEB8-8B4A-11D0-8D11-00A0C91BC942}") = "intrasqlite", "intrasqlite\intrasqlite.vcxproj", "{86E8EFCE-E927-4834-8878-42FA5E99AEEB}"
EndProject
Project("{8BC9CEB8-8B4A-11D0-8D11-00A0C91BC942}") = "teststatdata", "teststatdata\teststatdata.vcxproj", "{06D568FD-F535-4AC5-A11A-CDBACC68EE0A}"
	ProjectSection(ProjectDependencies) = postProject
		{7353C119-A607-41BD-BBD3-881945B3928B} = {7353C119-A607-41BD-BBD3-881945B3928B}
		{7F4088A2-2818-43DE-9079-353BE99A3D27} = {7F4088A2-2818-43DE-9079-353BE99A3D27}
		{7754E3B9-0424-4A71-92C3-F3D726030D37} = {7754E3B9-0424-4A71-92C3-F3D726030D37}
		{86E8EFCE-E927-4834-8878-42FA5E99AEEB} = {86E8EFCE-E927-4834-8878-42FA5E99AEEB}
	EndProjectSection
EndProject
Global
	GlobalSection(SolutionConfigurationPlatforms) = preSolution
		Debug|Win32 = Debug|Win32
		Release|Win32 = Release|Win32
	EndGlobalSection
	GlobalSection(ProjectConfigurationPlatforms) = postSolution
		{7353C119-A607-41BD-BBD3-881945B3928B}.Debug|Win32.ActiveCfg = Debug|Win32
		{7353C119-A607-41BD-BBD3-881945B3928B}.Debug|Win32.Build.0 = Debug|Win32
		{7353C119-A607-41BD-BBD3-881945B3928B}.Release|Win32.ActiveCfg = Release|Win32
		{7353C119-A607-41BD-BBD3-881945B3928B}.Release|Win32.Build.0 = Release|Win32
		{7754E3B9-0424-4A71-92C3-F3D726030D37}.Debug|Win32.ActiveCfg = Debug|Win32
		{7754E3B9-0424-4A71-92C3-F3D726030D37}.Debug|Win32.Build.0 = Debug|Win32
		{7754E3B9-0424-4A71-92C3-F3D726030D37}.Release|Win32.ActiveCfg = Release|Win32
		{7754E3B9-0424-4A71-92C3-F3D726030D37}.Release|Win32.Build.0 = Release|Win32
		{7F4088A2-2818-43DE-9079-353BE99A3D27}.Debug|Win32.ActiveCfg = Debug|Win32
		{7F4088A2-2818-43DE-9079-353BE99A3D27}.Debug|Win32.Build.0 = Debug|Win32
		{7F4088A2-2818-43DE-9079-353BE99A3D27}.Release|Win32.ActiveCfg = Release|Win32
		{7F4088A2-2818-43DE-9079-353BE99A3D27}.Release|Win32.Build.0 = Release|Win32
		{86E8EFCE-E927-4834-8878-42FA5E99AEEB}.Debug|Win32.ActiveCfg = Debug|Win32
		{86E8EFCE-E927-4834-8878-42FA5E99AEEB}.Debug|Win32.Build.0 = Debug|Win32
		{86E8EFCE-E927-4834-8878-42FA5E99AEEB}.Release|Win32.ActiveCfg = Release|Win32
		{86E8EFCE-E927-4834-8878-42FA5E99AEEB}.Release|Win32.Build.0 = Release|Win32
		{06D568FD-F535-4AC5-A11A-CDBACC68EE0A}.Debug|Win32.ActiveCfg = Debug|Win32
		{06D568FD-F535-4AC5-A11A-CDBACC68EE0A}.Debug|Win32.Build.0 = Debug|Win32
		{06D568FD-F535-4AC5-A11A-CDBACC68EE0A}.Release|Win32.ActiveCfg = Release|Win32
		{06D568FD-F535-4AC5-A11A-CDBACC68EE0A}.Release|Win32.Build.0 = Release|Win32
	EndGlobalSection
	GlobalSection(SolutionProperties) = preSolution
		HideSolutionNode = FALSE
	EndGlobalSection
EndGlobal
