<?xml version="1.0" encoding="utf-8"?>
<Project ToolsVersion="4.0" xmlns="http://schemas.microsoft.com/developer/msbuild/2003">
  <ItemGroup>
    <Filter Include="Fichiers sources">
      <UniqueIdentifier>{4FC737F1-C7A5-4376-A066-2A32D752A2FF}</UniqueIdentifier>
      <Extensions>cpp;c;cc;cxx;def;odl;idl;hpj;bat;asm;asmx</Extensions>
    </Filter>
    <Filter Include="Fichiers d%27en-tête">
      <UniqueIdentifier>{93995380-89BD-4b04-88EB-625FBE52EBFB}</UniqueIdentifier>
      <Extensions>h;hpp;hxx;hm;inl;inc;xsd</Extensions>
    </Filter>
    <Filter Include="Fichiers de ressources">
      <UniqueIdentifier>{67DA6AB6-F800-4c08-8B7A-83BB121AAD01}</UniqueIdentifier>
      <Extensions>rc;ico;cur;bmp;dlg;rc2;rct;bin;rgs;gif;jpg;jpeg;jpe;resx;tiff;tif;png;wav;mfcribbon-ms</Extensions>
    </Filter>
    <Filter Include="Fichiers d%27en-tête\gtest">
      <UniqueIdentifier>{8dce3556-2aed-4822-97b7-4446e468f8c0}</UniqueIdentifier>
    </Filter>
    <Filter Include="Fichiers d%27en-tête\gtest\internal">
      <UniqueIdentifier>{91878f6d-d5ce-48a4-a296-88b29417a84b}</UniqueIdentifier>
    </Filter>
  </ItemGroup>
  <ItemGroup>
    <Text Include="ReadMe.txt" />
  </ItemGroup>
  <ItemGroup>
    <ClInclude Include="include\gtest\gtest.h">
      <Filter>Fichiers d%27en-tête\gtest</Filter>
    </ClInclude>
    <ClInclude Include="include\gtest\gtest_pred_impl.h">
      <Filter>Fichiers d%27en-tête\gtest</Filter>
    </ClInclude>
    <ClInclude Include="include\gtest\gtest_prod.h">
      <Filter>Fichiers d%27en-tête\gtest</Filter>
    </ClInclude>
    <ClInclude Include="include\gtest\gtest-death-test.h">
      <Filter>Fichiers d%27en-tête\gtest</Filter>
    </ClInclude>
    <ClInclude Include="include\gtest\gtest-message.h">
      <Filter>Fichiers d%27en-tête\gtest</Filter>
    </ClInclude>
    <ClInclude Include="include\gtest\gtest-param-test.h">
      <Filter>Fichiers d%27en-tête\gtest</Filter>
    </ClInclude>
    <ClInclude Include="include\gtest\gtest-printers.h">
      <Filter>Fichiers d%27en-tête\gtest</Filter>
    </ClInclude>
    <ClInclude Include="include\gtest\gtest-spi.h">
      <Filter>Fichiers d%27en-tête\gtest</Filter>
    </ClInclude>
    <ClInclude Include="include\gtest\gtest-test-part.h">
      <Filter>Fichiers d%27en-tête\gtest</Filter>
    </ClInclude>
    <ClInclude Include="include\gtest\gtest-typed-test.h">
      <Filter>Fichiers d%27en-tête\gtest</Filter>
    </ClInclude>
    <ClInclude Include="include\gtest\internal\gtest-death-test-internal.h">
      <Filter>Fichiers d%27en-tête\gtest\internal</Filter>
    </ClInclude>
    <ClInclude Include="include\gtest\internal\gtest-filepath.h">
      <Filter>Fichiers d%27en-tête\gtest\internal</Filter>
    </ClInclude>
    <ClInclude Include="include\gtest\internal\gtest-internal.h">
      <Filter>Fichiers d%27en-tête\gtest\internal</Filter>
    </ClInclude>
    <ClInclude Include="include\gtest\internal\gtest-linked_ptr.h">
      <Filter>Fichiers d%27en-tête\gtest\internal</Filter>
    </ClInclude>
    <ClInclude Include="include\gtest\internal\gtest-param-util.h">
      <Filter>Fichiers d%27en-tête\gtest\internal</Filter>
    </ClInclude>
    <ClInclude Include="include\gtest\internal\gtest-param-util-generated.h">
      <Filter>Fichiers d%27en-tête\gtest\internal</Filter>
    </ClInclude>
    <ClInclude Include="include\gtest\internal\gtest-port.h">
      <Filter>Fichiers d%27en-tête\gtest\internal</Filter>
    </ClInclude>
    <ClInclude Include="include\gtest\internal\gtest-string.h">
      <Filter>Fichiers d%27en-tête\gtest\internal</Filter>
    </ClInclude>
    <ClInclude Include="include\gtest\internal\gtest-tuple.h">
      <Filter>Fichiers d%27en-tête\gtest\internal</Filter>
    </ClInclude>
    <ClInclude Include="include\gtest\internal\gtest-type-util.h">
      <Filter>Fichiers d%27en-tête\gtest\internal</Filter>
    </ClInclude>
  </ItemGroup>
  <ItemGroup>
    <None Include="include\gtest\gtest-param-test.h.pump">
      <Filter>Fichiers d%27en-tête\gtest</Filter>
    </None>
    <None Include="include\gtest\internal\gtest-param-util-generated.h.pump">
      <Filter>Fichiers d%27en-tête\gtest\internal</Filter>
    </None>
    <None Include="include\gtest\internal\gtest-tuple.h.pump">
      <Filter>Fichiers d%27en-tête\gtest\internal</Filter>
    </None>
    <None Include="include\gtest\internal\gtest-type-util.h.pump">
      <Filter>Fichiers d%27en-tête\gtest\internal</Filter>
    </None>
  </ItemGroup>
  <ItemGroup>
    <ClCompile Include="src\gtest_main.cc">
      <Filter>Fichiers sources</Filter>
    </ClCompile>
    <ClCompile Include="src\gtest-all.cc">
      <Filter>Fichiers sources</Filter>
    </ClCompile>
  </ItemGroup>
</Project>